
Microsoft Visual Studio Solution File, Format Version 12.00
# Visual Studio Version 17
VisualStudioVersion = 17.6.33723.286
MinimumVisualStudioVersion = 10.0.40219.1
Project("{9A19103F-16F7-4668-BE54-9A1E7A4F7556}") = "SGEmbroidery", "SGEmbroidery\SGEmbroidery.csproj", "{815DBDD1-3A74-4AE1-BE9C-66E8A6FA956D}"
EndProject
Global
	GlobalSection(SolutionConfigurationPlatforms) = preSolution
		Debug|Any CPU = Debug|Any CPU
		Release|Any CPU = Release|Any CPU
	EndGlobalSection
	GlobalSection(ProjectConfigurationPlatforms) = postSolution
		{815DBDD1-3A74-4AE1-BE9C-66E8A6FA956D}.Debug|Any CPU.ActiveCfg = Debug|Any CPU
		{815DBDD1-3A74-4AE1-BE9C-66E8A6FA956D}.Debug|Any CPU.Build.0 = Debug|Any CPU
		{815DBDD1-3A74-4AE1-BE9C-66E8A6FA956D}.Release|Any CPU.ActiveCfg = Release|Any CPU
		{815DBDD1-3A74-4AE1-BE9C-66E8A6FA956D}.Release|Any CPU.Build.0 = Release|Any CPU
	EndGlobalSection
	GlobalSection(SolutionProperties) = preSolution
		HideSolutionNode = FALSE
	EndGlobalSection
	GlobalSection(ExtensibilityGlobals) = postSolution
		SolutionGuid = {9A6EF0AD-3436-4761-B9EC-C0C9A7283C95}
	EndGlobalSection
EndGlobal
